// !$*UTF8*$!
{
	archiveVersion = 1;
	classes = {
	};
	objectVersion = 56;
	objects = {

/* Begin PBXBuildFile section */
		BBC1CE922D1B35E100D8BFB3 /* fourth_trainingApp.swift in Sources */ = {isa = PBXBuildFile; fileRef = BBC1CE912D1B35E100D8BFB3 /* fourth_trainingApp.swift */; };
		BBC1CE942D1B35E100D8BFB3 /* ContentView.swift in Sources */ = {isa = PBXBuildFile; fileRef = BBC1CE932D1B35E100D8BFB3 /* ContentView.swift */; };
		BBC1CE962D1B35E900D8BFB3 /* Assets.xcassets in Resources */ = {isa = PBXBuildFile; fileRef = BBC1CE952D1B35E900D8BFB3 /* Assets.xcassets */; };
		BBC1CE992D1B35E900D8BFB3 /* Preview Assets.xcassets in Resources */ = {isa = PBXBuildFile; fileRef = BBC1CE982D1B35E900D8BFB3 /* Preview Assets.xcassets */; };
		BBC1CEA32D1B35EA00D8BFB3 /* fourth_trainingTests.swift in Sources */ = {isa = PBXBuildFile; fileRef = BBC1CEA22D1B35EA00D8BFB3 /* fourth_trainingTests.swift */; };
		BBC1CEAD2D1B35EA00D8BFB3 /* fourth_trainingUITests.swift in Sources */ = {isa = PBXBuildFile; fileRef = BBC1CEAC2D1B35EA00D8BFB3 /* fourth_trainingUITests.swift */; };
		BBC1CEAF2D1B35EA00D8BFB3 /* fourth_trainingUITestsLaunchTests.swift in Sources */ = {isa = PBXBuildFile; fileRef = BBC1CEAE2D1B35EA00D8BFB3 /* fourth_trainingUITestsLaunchTests.swift */; };
/* End PBXBuildFile section */

/* Begin PBXContainerItemProxy section */
		BBC1CE9F2D1B35EA00D8BFB3 /* PBXContainerItemProxy */ = {
			isa = PBXContainerItemProxy;
			containerPortal = BBC1CE862D1B35E100D8BFB3 /* Project object */;
			proxyType = 1;
			remoteGlobalIDString = BBC1CE8D2D1B35E100D8BFB3;
			remoteInfo = "fourth training";
		};
		BBC1CEA92D1B35EA00D8BFB3 /* PBXContainerItemProxy */ = {
			isa = PBXContainerItemProxy;
			containerPortal = BBC1CE862D1B35E100D8BFB3 /* Project object */;
			proxyType = 1;
			remoteGlobalIDString = BBC1CE8D2D1B35E100D8BFB3;
			remoteInfo = "fourth training";
		};
/* End PBXContainerItemProxy section */

/* Begin PBXFileReference section */
		BBC1CE8E2D1B35E100D8BFB3 /* fourth training.app */ = {isa = PBXFileReference; explicitFileType = wrapper.application; includeInIndex = 0; path = "fourth training.app"; sourceTree = BUILT_PRODUCTS_DIR; };
		BBC1CE912D1B35E100D8BFB3 /* fourth_trainingApp.swift */ = {isa = PBXFileReference; lastKnownFileType = sourcecode.swift; path = fourth_trainingApp.swift; sourceTree = "<group>"; };
		BBC1CE932D1B35E100D8BFB3 /* ContentView.swift */ = {isa = PBXFileReference; lastKnownFileType = sourcecode.swift; path = ContentView.swift; sourceTree = "<group>"; };
		BBC1CE952D1B35E900D8BFB3 /* Assets.xcassets */ = {isa = PBXFileReference; lastKnownFileType = folder.assetcatalog; path = Assets.xcassets; sourceTree = "<group>"; };
		BBC1CE982D1B35E900D8BFB3 /* Preview Assets.xcassets */ = {isa = PBXFileReference; lastKnownFileType = folder.assetcatalog; path = "Preview Assets.xcassets"; sourceTree = "<group>"; };
		BBC1CE9E2D1B35EA00D8BFB3 /* fourth trainingTests.xctest */ = {isa = PBXFileReference; explicitFileType = wrapper.cfbundle; includeInIndex = 0; path = "fourth trainingTests.xctest"; sourceTree = BUILT_PRODUCTS_DIR; };
		BBC1CEA22D1B35EA00D8BFB3 /* fourth_trainingTests.swift */ = {isa = PBXFileReference; lastKnownFileType = sourcecode.swift; path = fourth_trainingTests.swift; sourceTree = "<group>"; };
		BBC1CEA82D1B35EA00D8BFB3 /* fourth trainingUITests.xctest */ = {isa = PBXFileReference; explicitFileType = wrapper.cfbundle; includeInIndex = 0; path = "fourth trainingUITests.xctest"; sourceTree = BUILT_PRODUCTS_DIR; };
		BBC1CEAC2D1B35EA00D8BFB3 /* fourth_trainingUITests.swift */ = {isa = PBXFileReference; lastKnownFileType = sourcecode.swift; path = fourth_trainingUITests.swift; sourceTree = "<group>"; };
		BBC1CEAE2D1B35EA00D8BFB3 /* fourth_trainingUITestsLaunchTests.swift */ = {isa = PBXFileReference; lastKnownFileType = sourcecode.swift; path = fourth_trainingUITestsLaunchTests.swift; sourceTree = "<group>"; };
/* End PBXFileReference section */

/* Begin PBXFrameworksBuildPhase section */
		BBC1CE8B2D1B35E100D8BFB3 /* Frameworks */ = {
			isa = PBXFrameworksBuildPhase;
			buildActionMask = 2147483647;
			files = (
			);
			runOnlyForDeploymentPostprocessing = 0;
		};
		BBC1CE9B2D1B35EA00D8BFB3 /* Frameworks */ = {
			isa = PBXFrameworksBuildPhase;
			buildActionMask = 2147483647;
			files = (
			);
			runOnlyForDeploymentPostprocessing = 0;
		};
		BBC1CEA52D1B35EA00D8BFB3 /* Frameworks */ = {
			isa = PBXFrameworksBuildPhase;
			buildActionMask = 2147483647;
			files = (
			);
			runOnlyForDeploymentPostprocessing = 0;
		};
/* End PBXFrameworksBuildPhase section */

/* Begin PBXGroup section */
		BBC1CE852D1B35E100D8BFB3 = {
			isa = PBXGroup;
			children = (
				BBC1CE902D1B35E100D8BFB3 /* fourth training */,
				BBC1CEA12D1B35EA00D8BFB3 /* fourth trainingTests */,
				BBC1CEAB2D1B35EA00D8BFB3 /* fourth trainingUITests */,
				BBC1CE8F2D1B35E100D8BFB3 /* Products */,
			);
			sourceTree = "<group>";
		};
		BBC1CE8F2D1B35E100D8BFB3 /* Products */ = {
			isa = PBXGroup;
			children = (
				BBC1CE8E2D1B35E100D8BFB3 /* fourth training.app */,
				BBC1CE9E2D1B35EA00D8BFB3 /* fourth trainingTests.xctest */,
				BBC1CEA82D1B35EA00D8BFB3 /* fourth trainingUITests.xctest */,
			);
			name = Products;
			sourceTree = "<group>";
		};
		BBC1CE902D1B35E100D8BFB3 /* fourth training */ = {
			isa = PBXGroup;
			children = (
				BBC1CE912D1B35E100D8BFB3 /* fourth_trainingApp.swift */,
				BBC1CE932D1B35E100D8BFB3 /* ContentView.swift */,
				BBC1CE952D1B35E900D8BFB3 /* Assets.xcassets */,
				BBC1CE972D1B35E900D8BFB3 /* Preview Content */,
			);
			path = "fourth training";
			sourceTree = "<group>";
		};
		BBC1CE972D1B35E900D8BFB3 /* Preview Content */ = {
			isa = PBXGroup;
			children = (
				BBC1CE982D1B35E900D8BFB3 /* Preview Assets.xcassets */,
			);
			path = "Preview Content";
			sourceTree = "<group>";
		};
		BBC1CEA12D1B35EA00D8BFB3 /* fourth trainingTests */ = {
			isa = PBXGroup;
			children = (
				BBC1CEA22D1B35EA00D8BFB3 /* fourth_trainingTests.swift */,
			);
			path = "fourth trainingTests";
			sourceTree = "<group>";
		};
		BBC1CEAB2D1B35EA00D8BFB3 /* fourth trainingUITests */ = {
			isa = PBXGroup;
			children = (
				BBC1CEAC2D1B35EA00D8BFB3 /* fourth_trainingUITests.swift */,
				BBC1CEAE2D1B35EA00D8BFB3 /* fourth_trainingUITestsLaunchTests.swift */,
			);
			path = "fourth trainingUITests";
			sourceTree = "<group>";
		};
/* End PBXGroup section */

/* Begin PBXNativeTarget section */
		BBC1CE8D2D1B35E100D8BFB3 /* fourth training */ = {
			isa = PBXNativeTarget;
			buildConfigurationList = BBC1CEB22D1B35EA00D8BFB3 /* Build configuration list for PBXNativeTarget "fourth training" */;
			buildPhases = (
				BBC1CE8A2D1B35E100D8BFB3 /* Sources */,
				BBC1CE8B2D1B35E100D8BFB3 /* Frameworks */,
				BBC1CE8C2D1B35E100D8BFB3 /* Resources */,
			);
			buildRules = (
			);
			dependencies = (
			);
			name = "fourth training";
			productName = "fourth training";
			productReference = BBC1CE8E2D1B35E100D8BFB3 /* fourth training.app */;
			productType = "com.apple.product-type.application";
		};
		BBC1CE9D2D1B35EA00D8BFB3 /* fourth trainingTests */ = {
			isa = PBXNativeTarget;
			buildConfigurationList = BBC1CEB52D1B35EA00D8BFB3 /* Build configuration list for PBXNativeTarget "fourth trainingTests" */;
			buildPhases = (
				BBC1CE9A2D1B35EA00D8BFB3 /* Sources */,
				BBC1CE9B2D1B35EA00D8BFB3 /* Frameworks */,
				BBC1CE9C2D1B35EA00D8BFB3 /* Resources */,
			);
			buildRules = (
			);
			dependencies = (
				BBC1CEA02D1B35EA00D8BFB3 /* PBXTargetDependency */,
			);
			name = "fourth trainingTests";
			productName = "fourth trainingTests";
			productReference = BBC1CE9E2D1B35EA00D8BFB3 /* fourth trainingTests.xctest */;
			productType = "com.apple.product-type.bundle.unit-test";
		};
		BBC1CEA72D1B35EA00D8BFB3 /* fourth trainingUITests */ = {
			isa = PBXNativeTarget;
			buildConfigurationList = BBC1CEB82D1B35EA00D8BFB3 /* Build configuration list for PBXNativeTarget "fourth trainingUITests" */;
			buildPhases = (
				BBC1CEA42D1B35EA00D8BFB3 /* Sources */,
				BBC1CEA52D1B35EA00D8BFB3 /* Frameworks */,
				BBC1CEA62D1B35EA00D8BFB3 /* Resources */,
			);
			buildRules = (
			);
			dependencies = (
				BBC1CEAA2D1B35EA00D8BFB3 /* PBXTargetDependency */,
			);
			name = "fourth trainingUITests";
			productName = "fourth trainingUITests";
			productReference = BBC1CEA82D1B35EA00D8BFB3 /* fourth trainingUITests.xctest */;
			productType = "com.apple.product-type.bundle.ui-testing";
		};
/* End PBXNativeTarget section */

/* Begin PBXProject section */
		BBC1CE862D1B35E100D8BFB3 /* Project object */ = {
			isa = PBXProject;
			attributes = {
				BuildIndependentTargetsInParallel = 1;
				LastSwiftUpdateCheck = 1540;
				LastUpgradeCheck = 1540;
				TargetAttributes = {
					BBC1CE8D2D1B35E100D8BFB3 = {
						CreatedOnToolsVersion = 15.4;
					};
					BBC1CE9D2D1B35EA00D8BFB3 = {
						CreatedOnToolsVersion = 15.4;
						TestTargetID = BBC1CE8D2D1B35E100D8BFB3;
					};
					BBC1CEA72D1B35EA00D8BFB3 = {
						CreatedOnToolsVersion = 15.4;
						TestTargetID = BBC1CE8D2D1B35E100D8BFB3;
					};
				};
			};
			buildConfigurationList = BBC1CE892D1B35E100D8BFB3 /* Build configuration list for PBXProject "fourth training" */;
			compatibilityVersion = "Xcode 14.0";
			developmentRegion = en;
			hasScannedForEncodings = 0;
			knownRegions = (
				en,
				Base,
			);
			mainGroup = BBC1CE852D1B35E100D8BFB3;
			productRefGroup = BBC1CE8F2D1B35E100D8BFB3 /* Products */;
			projectDirPath = "";
			projectRoot = "";
			targets = (
				BBC1CE8D2D1B35E100D8BFB3 /* fourth training */,
				BBC1CE9D2D1B35EA00D8BFB3 /* fourth trainingTests */,
				BBC1CEA72D1B35EA00D8BFB3 /* fourth trainingUITests */,
			);
		};
/* End PBXProject section */

/* Begin PBXResourcesBuildPhase section */
		BBC1CE8C2D1B35E100D8BFB3 /* Resources */ = {
			isa = PBXResourcesBuildPhase;
			buildActionMask = 2147483647;
			files = (
				BBC1CE992D1B35E900D8BFB3 /* Preview Assets.xcassets in Resources */,
				BBC1CE962D1B35E900D8BFB3 /* Assets.xcassets in Resources */,
			);
			runOnlyForDeploymentPostprocessing = 0;
		};
		BBC1CE9C2D1B35EA00D8BFB3 /* Resources */ = {
			isa = PBXResourcesBuildPhase;
			buildActionMask = 2147483647;
			files = (
			);
			runOnlyForDeploymentPostprocessing = 0;
		};
		BBC1CEA62D1B35EA00D8BFB3 /* Resources */ = {
			isa = PBXResourcesBuildPhase;
			buildActionMask = 2147483647;
			files = (
			);
			runOnlyForDeploymentPostprocessing = 0;
		};
/* End PBXResourcesBuildPhase section */

/* Begin PBXSourcesBuildPhase section */
		BBC1CE8A2D1B35E100D8BFB3 /* Sources */ = {
			isa = PBXSourcesBuildPhase;
			buildActionMask = 2147483647;
			files = (
				BBC1CE942D1B35E100D8BFB3 /* ContentView.swift in Sources */,
				BBC1CE922D1B35E100D8BFB3 /* fourth_trainingApp.swift in Sources */,
			);
			runOnlyForDeploymentPostprocessing = 0;
		};
		BBC1CE9A2D1B35EA00D8BFB3 /* Sources */ = {
			isa = PBXSourcesBuildPhase;
			buildActionMask = 2147483647;
			files = (
				BBC1CEA32D1B35EA00D8BFB3 /* fourth_trainingTests.swift in Sources */,
			);
			runOnlyForDeploymentPostprocessing = 0;
		};
		BBC1CEA42D1B35EA00D8BFB3 /* Sources */ = {
			isa = PBXSourcesBuildPhase;
			buildActionMask = 2147483647;
			files = (
				BBC1CEAF2D1B35EA00D8BFB3 /* fourth_trainingUITestsLaunchTests.swift in Sources */,
				BBC1CEAD2D1B35EA00D8BFB3 /* fourth_trainingUITests.swift in Sources */,
			);
			runOnlyForDeploymentPostprocessing = 0;
		};
/* End PBXSourcesBuildPhase section */

/* Begin PBXTargetDependency section */
		BBC1CEA02D1B35EA00D8BFB3 /* PBXTargetDependency */ = {
			isa = PBXTargetDependency;
			target = BBC1CE8D2D1B35E100D8BFB3 /* fourth training */;
			targetProxy = BBC1CE9F2D1B35EA00D8BFB3 /* PBXContainerItemProxy */;
		};
		BBC1CEAA2D1B35EA00D8BFB3 /* PBXTargetDependency */ = {
			isa = PBXTargetDependency;
			target = BBC1CE8D2D1B35E100D8BFB3 /* fourth training */;
			targetProxy = BBC1CEA92D1B35EA00D8BFB3 /* PBXContainerItemProxy */;
		};
/* End PBXTargetDependency section */

/* Begin XCBuildConfiguration section */
		BBC1CEB02D1B35EA00D8BFB3 /* Debug */ = {
			isa = XCBuildConfiguration;
			buildSettings = {
				ALWAYS_SEARCH_USER_PATHS = NO;
				ASSETCATALOG_COMPILER_GENERATE_SWIFT_ASSET_SYMBOL_EXTENSIONS = YES;
				CLANG_ANALYZER_NONNULL = YES;
				CLANG_ANALYZER_NUMBER_OBJECT_CONVERSION = YES_AGGRESSIVE;
				CLANG_CXX_LANGUAGE_STANDARD = "gnu++20";
				CLANG_ENABLE_MODULES = YES;
				CLANG_ENABLE_OBJC_ARC = YES;
				CLANG_ENABLE_OBJC_WEAK = YES;
				CLANG_WARN_BLOCK_CAPTURE_AUTORELEASING = YES;
				CLANG_WARN_BOOL_CONVERSION = YES;
				CLANG_WARN_COMMA = YES;
				CLANG_WARN_CONSTANT_CONVERSION = YES;
				CLANG_WARN_DEPRECATED_OBJC_IMPLEMENTATIONS = YES;
				CLANG_WARN_DIRECT_OBJC_ISA_USAGE = YES_ERROR;
				CLANG_WARN_DOCUMENTATION_COMMENTS = YES;
				CLANG_WARN_EMPTY_BODY = YES;
				CLANG_WARN_ENUM_CONVERSION = YES;
				CLANG_WARN_INFINITE_RECURSION = YES;
				CLANG_WARN_INT_CONVERSION = YES;
				CLANG_WARN_NON_LITERAL_NULL_CONVERSION = YES;
				CLANG_WARN_OBJC_IMPLICIT_RETAIN_SELF = YES;
				CLANG_WARN_OBJC_LITERAL_CONVERSION = YES;
				CLANG_WARN_OBJC_ROOT_CLASS = YES_ERROR;
				CLANG_WARN_QUOTED_INCLUDE_IN_FRAMEWORK_HEADER = YES;
				CLANG_WARN_RANGE_LOOP_ANALYSIS = YES;
				CLANG_WARN_STRICT_PROTOTYPES = YES;
				CLANG_WARN_SUSPICIOUS_MOVE = YES;
				CLANG_WARN_UNGUARDED_AVAILABILITY = YES_AGGRESSIVE;
				CLANG_WARN_UNREACHABLE_CODE = YES;
				CLANG_WARN__DUPLICATE_METHOD_MATCH = YES;
				COPY_PHASE_STRIP = NO;
				DEBUG_INFORMATION_FORMAT = dwarf;
				ENABLE_STRICT_OBJC_MSGSEND = YES;
				ENABLE_TESTABILITY = YES;
				ENABLE_USER_SCRIPT_SANDBOXING = YES;
				GCC_C_LANGUAGE_STANDARD = gnu17;
				GCC_DYNAMIC_NO_PIC = NO;
				GCC_NO_COMMON_BLOCKS = YES;
				GCC_OPTIMIZATION_LEVEL = 0;
				GCC_PREPROCESSOR_DEFINITIONS = (
					"DEBUG=1",
					"$(inherited)",
				);
				GCC_WARN_64_TO_32_BIT_CONVERSION = YES;
				GCC_WARN_ABOUT_RETURN_TYPE = YES_ERROR;
				GCC_WARN_UNDECLARED_SELECTOR = YES;
				GCC_WARN_UNINITIALIZED_AUTOS = YES_AGGRESSIVE;
				GCC_WARN_UNUSED_FUNCTION = YES;
				GCC_WARN_UNUSED_VARIABLE = YES;
				IPHONEOS_DEPLOYMENT_TARGET = 17.5;
				LOCALIZATION_PREFERS_STRING_CATALOGS = YES;
				MTL_ENABLE_DEBUG_INFO = INCLUDE_SOURCE;
				MTL_FAST_MATH = YES;
				ONLY_ACTIVE_ARCH = YES;
				SDKROOT = iphoneos;
				SWIFT_ACTIVE_COMPILATION_CONDITIONS = "DEBUG $(inherited)";
				SWIFT_OPTIMIZATION_LEVEL = "-Onone";
			};
			name = Debug;
		};
		BBC1CEB12D1B35EA00D8BFB3 /* Release */ = {
			isa = XCBuildConfiguration;
			buildSettings = {
				ALWAYS_SEARCH_USER_PATHS = NO;
				ASSETCATALOG_COMPILER_GENERATE_SWIFT_ASSET_SYMBOL_EXTENSIONS = YES;
				CLANG_ANALYZER_NONNULL = YES;
				CLANG_ANALYZER_NUMBER_OBJECT_CONVERSION = YES_AGGRESSIVE;
				CLANG_CXX_LANGUAGE_STANDARD = "gnu++20";
				CLANG_ENABLE_MODULES = YES;
				CLANG_ENABLE_OBJC_ARC = YES;
				CLANG_ENABLE_OBJC_WEAK = YES;
				CLANG_WARN_BLOCK_CAPTURE_AUTORELEASING = YES;
				CLANG_WARN_BOOL_CONVERSION = YES;
				CLANG_WARN_COMMA = YES;
				CLANG_WARN_CONSTANT_CONVERSION = YES;
				CLANG_WARN_DEPRECATED_OBJC_IMPLEMENTATIONS = YES;
				CLANG_WARN_DIRECT_OBJC_ISA_USAGE = YES_ERROR;
				CLANG_WARN_DOCUMENTATION_COMMENTS = YES;
				CLANG_WARN_EMPTY_BODY = YES;
				CLANG_WARN_ENUM_CONVERSION = YES;
				CLANG_WARN_INFINITE_RECURSION = YES;
				CLANG_WARN_INT_CONVERSION = YES;
				CLANG_WARN_NON_LITERAL_NULL_CONVERSION = YES;
				CLANG_WARN_OBJC_IMPLICIT_RETAIN_SELF = YES;
				CLANG_WARN_OBJC_LITERAL_CONVERSION = YES;
				CLANG_WARN_OBJC_ROOT_CLASS = YES_ERROR;
				CLANG_WARN_QUOTED_INCLUDE_IN_FRAMEWORK_HEADER = YES;
				CLANG_WARN_RANGE_LOOP_ANALYSIS = YES;
				CLANG_WARN_STRICT_PROTOTYPES = YES;
				CLANG_WARN_SUSPICIOUS_MOVE = YES;
				CLANG_WARN_UNGUARDED_AVAILABILITY = YES_AGGRESSIVE;
				CLANG_WARN_UNREACHABLE_CODE = YES;
				CLANG_WARN__DUPLICATE_METHOD_MATCH = YES;
				COPY_PHASE_STRIP = NO;
				DEBUG_INFORMATION_FORMAT = "dwarf-with-dsym";
				ENABLE_NS_ASSERTIONS = NO;
				ENABLE_STRICT_OBJC_MSGSEND = YES;
				ENABLE_USER_SCRIPT_SANDBOXING = YES;
				GCC_C_LANGUAGE_STANDARD = gnu17;
				GCC_NO_COMMON_BLOCKS = YES;
				GCC_WARN_64_TO_32_BIT_CONVERSION = YES;
				GCC_WARN_ABOUT_RETURN_TYPE = YES_ERROR;
				GCC_WARN_UNDECLARED_SELECTOR = YES;
				GCC_WARN_UNINITIALIZED_AUTOS = YES_AGGRESSIVE;
				GCC_WARN_UNUSED_FUNCTION = YES;
				GCC_WARN_UNUSED_VARIABLE = YES;
				IPHONEOS_DEPLOYMENT_TARGET = 17.5;
				LOCALIZATION_PREFERS_STRING_CATALOGS = YES;
				MTL_ENABLE_DEBUG_INFO = NO;
				MTL_FAST_MATH = YES;
				SDKROOT = iphoneos;
				SWIFT_COMPILATION_MODE = wholemodule;
				VALIDATE_PRODUCT = YES;
			};
			name = Release;
		};
		BBC1CEB32D1B35EA00D8BFB3 /* Debug */ = {
			isa = XCBuildConfiguration;
			buildSettings = {
				ASSETCATALOG_COMPILER_APPICON_NAME = AppIcon;
				ASSETCATALOG_COMPILER_GLOBAL_ACCENT_COLOR_NAME = AccentColor;
				CODE_SIGN_STYLE = Automatic;
				CURRENT_PROJECT_VERSION = 1;
				DEVELOPMENT_ASSET_PATHS = "\"fourth training/Preview Content\"";
				ENABLE_PREVIEWS = YES;
				GENERATE_INFOPLIST_FILE = YES;
				INFOPLIST_KEY_UIApplicationSceneManifest_Generation = YES;
				INFOPLIST_KEY_UIApplicationSupportsIndirectInputEvents = YES;
				INFOPLIST_KEY_UILaunchScreen_Generation = YES;
				INFOPLIST_KEY_UISupportedInterfaceOrientations_iPad = "UIInterfaceOrientationPortrait UIInterfaceOrientationPortraitUpsideDown UIInterfaceOrientationLandscapeLeft UIInterfaceOrientationLandscapeRight";
				INFOPLIST_KEY_UISupportedInterfaceOrientations_iPhone = "UIInterfaceOrientationPortrait UIInterfaceOrientationLandscapeLeft UIInterfaceOrientationLandscapeRight";
				LD_RUNPATH_SEARCH_PATHS = (
					"$(inherited)",
					"@executable_path/Frameworks",
				);
				MARKETING_VERSION = 1.0;
				PRODUCT_BUNDLE_IDENTIFIER = "se.ahmad.fourth-training";
				PRODUCT_NAME = "$(TARGET_NAME)";
				SWIFT_EMIT_LOC_STRINGS = YES;
				SWIFT_VERSION = 5.0;
				TARGETED_DEVICE_FAMILY = "1,2";
			};
			name = Debug;
		};
		BBC1CEB42D1B35EA00D8BFB3 /* Release */ = {
			isa = XCBuildConfiguration;
			buildSettings = {
				ASSETCATALOG_COMPILER_APPICON_NAME = AppIcon;
				ASSETCATALOG_COMPILER_GLOBAL_ACCENT_COLOR_NAME = AccentColor;
				CODE_SIGN_STYLE = Automatic;
				CURRENT_PROJECT_VERSION = 1;
				DEVELOPMENT_ASSET_PATHS = "\"fourth training/Preview Content\"";
				ENABLE_PREVIEWS = YES;
				GENERATE_INFOPLIST_FILE = YES;
				INFOPLIST_KEY_UIApplicationSceneManifest_Generation = YES;
				INFOPLIST_KEY_UIApplicationSupportsIndirectInputEvents = YES;
				INFOPLIST_KEY_UILaunchScreen_Generation = YES;
				INFOPLIST_KEY_UISupportedInterfaceOrientations_iPad = "UIInterfaceOrientationPortrait UIInterfaceOrientationPortraitUpsideDown UIInterfaceOrientationLandscapeLeft UIInterfaceOrientationLandscapeRight";
				INFOPLIST_KEY_UISupportedInterfaceOrientations_iPhone = "UIInterfaceOrientationPortrait UIInterfaceOrientationLandscapeLeft UIInterfaceOrientationLandscapeRight";
				LD_RUNPATH_SEARCH_PATHS = (
					"$(inherited)",
					"@executable_path/Frameworks",
				);
				MARKETING_VERSION = 1.0;
				PRODUCT_BUNDLE_IDENTIFIER = "se.ahmad.fourth-training";
				PRODUCT_NAME = "$(TARGET_NAME)";
				SWIFT_EMIT_LOC_STRINGS = YES;
				SWIFT_VERSION = 5.0;
				TARGETED_DEVICE_FAMILY = "1,2";
			};
			name = Release;
		};
		BBC1CEB62D1B35EA00D8BFB3 /* Debug */ = {
			isa = XCBuildConfiguration;
			buildSettings = {
				ALWAYS_EMBED_SWIFT_STANDARD_LIBRARIES = YES;
				BUNDLE_LOADER = "$(TEST_HOST)";
				CODE_SIGN_STYLE = Automatic;
				CURRENT_PROJECT_VERSION = 1;
				GENERATE_INFOPLIST_FILE = YES;
				IPHONEOS_DEPLOYMENT_TARGET = 17.5;
				MARKETING_VERSION = 1.0;
				PRODUCT_BUNDLE_IDENTIFIER = "se.ahmad.fourth-trainingTests";
				PRODUCT_NAME = "$(TARGET_NAME)";
				SWIFT_EMIT_LOC_STRINGS = NO;
				SWIFT_VERSION = 5.0;
				TARGETED_DEVICE_FAMILY = "1,2";
				TEST_HOST = "$(BUILT_PRODUCTS_DIR)/fourth training.app/$(BUNDLE_EXECUTABLE_FOLDER_PATH)/fourth training";
			};
			name = Debug;
		};
		BBC1CEB72D1B35EA00D8BFB3 /* Release */ = {
			isa = XCBuildConfiguration;
			buildSettings = {
				ALWAYS_EMBED_SWIFT_STANDARD_LIBRARIES = YES;
				BUNDLE_LOADER = "$(TEST_HOST)";
				CODE_SIGN_STYLE = Automatic;
				CURRENT_PROJECT_VERSION = 1;
				GENERATE_INFOPLIST_FILE = YES;
				IPHONEOS_DEPLOYMENT_TARGET = 17.5;
				MARKETING_VERSION = 1.0;
				PRODUCT_BUNDLE_IDENTIFIER = "se.ahmad.fourth-trainingTests";
				PRODUCT_NAME = "$(TARGET_NAME)";
				SWIFT_EMIT_LOC_STRINGS = NO;
				SWIFT_VERSION = 5.0;
				TARGETED_DEVICE_FAMILY = "1,2";
				TEST_HOST = "$(BUILT_PRODUCTS_DIR)/fourth training.app/$(BUNDLE_EXECUTABLE_FOLDER_PATH)/fourth training";
			};
			name = Release;
		};
		BBC1CEB92D1B35EA00D8BFB3 /* Debug */ = {
			isa = XCBuildConfiguration;
			buildSettings = {
				ALWAYS_EMBED_SWIFT_STANDARD_LIBRARIES = YES;
				CODE_SIGN_STYLE = Automatic;
				CURRENT_PROJECT_VERSION = 1;
				GENERATE_INFOPLIST_FILE = YES;
				MARKETING_VERSION = 1.0;
				PRODUCT_BUNDLE_IDENTIFIER = "se.ahmad.fourth-trainingUITests";
				PRODUCT_NAME = "$(TARGET_NAME)";
				SWIFT_EMIT_LOC_STRINGS = NO;
				SWIFT_VERSION = 5.0;
				TARGETED_DEVICE_FAMILY = "1,2";
				TEST_TARGET_NAME = "fourth training";
			};
			name = Debug;
		};
		BBC1CEBA2D1B35EA00D8BFB3 /* Release */ = {
			isa = XCBuildConfiguration;
			buildSettings = {
				ALWAYS_EMBED_SWIFT_STANDARD_LIBRARIES = YES;
				CODE_SIGN_STYLE = Automatic;
				CURRENT_PROJECT_VERSION = 1;
				GENERATE_INFOPLIST_FILE = YES;
				MARKETING_VERSION = 1.0;
				PRODUCT_BUNDLE_IDENTIFIER = "se.ahmad.fourth-trainingUITests";
				PRODUCT_NAME = "$(TARGET_NAME)";
				SWIFT_EMIT_LOC_STRINGS = NO;
				SWIFT_VERSION = 5.0;
				TARGETED_DEVICE_FAMILY = "1,2";
				TEST_TARGET_NAME = "fourth training";
			};
			name = Release;
		};
/* End XCBuildConfiguration section */

/* Begin XCConfigurationList section */
		BBC1CE892D1B35E100D8BFB3 /* Build configuration list for PBXProject "fourth training" */ = {
			isa = XCConfigurationList;
			buildConfigurations = (
				BBC1CEB02D1B35EA00D8BFB3 /* Debug */,
				BBC1CEB12D1B35EA00D8BFB3 /* Release */,
			);
			defaultConfigurationIsVisible = 0;
			defaultConfigurationName = Release;
		};
		BBC1CEB22D1B35EA00D8BFB3 /* Build configuration list for PBXNativeTarget "fourth training" */ = {
			isa = XCConfigurationList;
			buildConfigurations = (
				BBC1CEB32D1B35EA00D8BFB3 /* Debug */,
				BBC1CEB42D1B35EA00D8BFB3 /* Release */,
			);
			defaultConfigurationIsVisible = 0;
			defaultConfigurationName = Release;
		};
		BBC1CEB52D1B35EA00D8BFB3 /* Build configuration list for PBXNativeTarget "fourth trainingTests" */ = {
			isa = XCConfigurationList;
			buildConfigurations = (
				BBC1CEB62D1B35EA00D8BFB3 /* Debug */,
				BBC1CEB72D1B35EA00D8BFB3 /* Release */,
			);
			defaultConfigurationIsVisible = 0;
			defaultConfigurationName = Release;
		};
		BBC1CEB82D1B35EA00D8BFB3 /* Build configuration list for PBXNativeTarget "fourth trainingUITests" */ = {
			isa = XCConfigurationList;
			buildConfigurations = (
				BBC1CEB92D1B35EA00D8BFB3 /* Debug */,
				BBC1CEBA2D1B35EA00D8BFB3 /* Release */,
			);
			defaultConfigurationIsVisible = 0;
			defaultConfigurationName = Release;
		};
/* End XCConfigurationList section */
	};
	rootObject = BBC1CE862D1B35E100D8BFB3 /* Project object */;
}
